
Microsoft Visual Studio Solution File, Format Version 12.00
# Visual Studio Version 16
VisualStudioVersion = 16.0.29009.5
MinimumVisualStudioVersion = 10.0.40219.1
Project("{8BC9CEB8-8B4A-11D0-8D11-00A0C91BC942}") = "isAnagramPointer", "isAnagramPointer.vcxproj", "{B249D4FD-058C-4C5E-984D-3EDC02187C35}"
EndProject
Global
	GlobalSection(SolutionConfigurationPlatforms) = preSolution
		Debug|x64 = Debug|x64
		Debug|x86 = Debug|x86
		Release|x64 = Release|x64
		Release|x86 = Release|x86
	EndGlobalSection
	GlobalSection(ProjectConfigurationPlatforms) = postSolution
		{B249D4FD-058C-4C5E-984D-3EDC02187C35}.Debug|x64.ActiveCfg = Debug|x64
		{B249D4FD-058C-4C5E-984D-3EDC02187C35}.Debug|x64.Build.0 = Debug|x64
		{B249D4FD-058C-4C5E-984D-3EDC02187C35}.Debug|x86.ActiveCfg = Debug|Win32
		{B249D4FD-058C-4C5E-984D-3EDC02187C35}.Debug|x86.Build.0 = Debug|Win32
		{B249D4FD-058C-4C5E-984D-3EDC02187C35}.Release|x64.ActiveCfg = Release|x64
		{B249D4FD-058C-4C5E-984D-3EDC02187C35}.Release|x64.Build.0 = Release|x64
		{B249D4FD-058C-4C5E-984D-3EDC02187C35}.Release|x86.ActiveCfg = Release|Win32
		{B249D4FD-058C-4C5E-984D-3EDC02187C35}.Release|x86.Build.0 = Release|Win32
	EndGlobalSection
	GlobalSection(SolutionProperties) = preSolution
		HideSolutionNode = FALSE
	EndGlobalSection
	GlobalSection(ExtensibilityGlobals) = postSolution
		SolutionGuid = {68748AC1-04E7-4908-88D3-2065A1A65C4B}
	EndGlobalSection
EndGlobal
